
Microsoft Visual Studio Solution File, Format Version 12.00
# Visual Studio Version 17
VisualStudioVersion = 17.0.32014.148
MinimumVisualStudioVersion = 10.0.40219.1
Project("{9A19103F-16F7-4668-BE54-9A1E7A4F7556}") = "Library Project", "Library Project\Library Project.csproj", "{01F8E3DD-43B3-4A4C-B1A5-EFE44EE78D38}"
EndProject
Global
	GlobalSection(SolutionConfigurationPlatforms) = preSolution
		Debug|Any CPU = Debug|Any CPU
		Release|Any CPU = Release|Any CPU
	EndGlobalSection
	GlobalSection(ProjectConfigurationPlatforms) = postSolution
		{01F8E3DD-43B3-4A4C-B1A5-EFE44EE78D38}.Debug|Any CPU.ActiveCfg = Debug|Any CPU
		{01F8E3DD-43B3-4A4C-B1A5-EFE44EE78D38}.Debug|Any CPU.Build.0 = Debug|Any CPU
		{01F8E3DD-43B3-4A4C-B1A5-EFE44EE78D38}.Release|Any CPU.ActiveCfg = Release|Any CPU
		{01F8E3DD-43B3-4A4C-B1A5-EFE44EE78D38}.Release|Any CPU.Build.0 = Release|Any CPU
	EndGlobalSection
	GlobalSection(SolutionProperties) = preSolution
		HideSolutionNode = FALSE
	EndGlobalSection
	GlobalSection(ExtensibilityGlobals) = postSolution
		SolutionGuid = {FC2E36D1-7036-4373-9B2A-330DC28314CD}
	EndGlobalSection
EndGlobal
